// !$*UTF8*$!
{
	archiveVersion = 1;
	classes = {
	};
	objectVersion = 50;
	objects = {

/* Begin PBXBuildFile section */
		28AD7C50CCF96AA2516B9A4F /* Pods_Bamiboo.framework in Frameworks */ = {isa = PBXBuildFile; fileRef = 76C9744BF046A401A2FE0947 /* Pods_Bamiboo.framework */; };
		38BF57D4258209D300862F8F /* CollectionViewController.swift in Sources */ = {isa = PBXBuildFile; fileRef = 38BF57D3258209D300862F8F /* CollectionViewController.swift */; };
		38D06B4C2582F63000DAA5AF /* AlarmNoticeViewModel.swift in Sources */ = {isa = PBXBuildFile; fileRef = 38D06B4B2582F63000DAA5AF /* AlarmNoticeViewModel.swift */; };
		38D06B502582F8BC00DAA5AF /* AlarmNoticeCell.swift in Sources */ = {isa = PBXBuildFile; fileRef = 38D06B4F2582F8BC00DAA5AF /* AlarmNoticeCell.swift */; };
		38D06B5925835DDB00DAA5AF /* AlarmWaitForFreeViewModel.swift in Sources */ = {isa = PBXBuildFile; fileRef = 38D06B5825835DDB00DAA5AF /* AlarmWaitForFreeViewModel.swift */; };
		38D06B5E25835E1500DAA5AF /* AlarmWaitForFreeCell.swift in Sources */ = {isa = PBXBuildFile; fileRef = 38D06B5D25835E1500DAA5AF /* AlarmWaitForFreeCell.swift */; };
		BA02AB072578719F00740367 /* LayoutAutoresizingMaskViewController.swift in Sources */ = {isa = PBXBuildFile; fileRef = BA02AB062578719F00740367 /* LayoutAutoresizingMaskViewController.swift */; };
		BA02AB0B25788EE900740367 /* LayoutConstraintViewController.swift in Sources */ = {isa = PBXBuildFile; fileRef = BA02AB0A25788EE900740367 /* LayoutConstraintViewController.swift */; };
		BA02AB152578D39200740367 /* AutoLayoutStackViewViewController.swift in Sources */ = {isa = PBXBuildFile; fileRef = BA02AB142578D39200740367 /* AutoLayoutStackViewViewController.swift */; };
		BA48B0292581A59F005DBE29 /* AlarmMyNewsViewController.swift in Sources */ = {isa = PBXBuildFile; fileRef = BA48B0282581A59F005DBE29 /* AlarmMyNewsViewController.swift */; };
		BA48B02C2581A5EE005DBE29 /* AlarmMyNewsViewModel.swift in Sources */ = {isa = PBXBuildFile; fileRef = BA48B02B2581A5EE005DBE29 /* AlarmMyNewsViewModel.swift */; };
		BA48B0372581AB54005DBE29 /* AlarmWaitForFreeViewController.swift in Sources */ = {isa = PBXBuildFile; fileRef = BA48B0362581AB54005DBE29 /* AlarmWaitForFreeViewController.swift */; };
		BA48B03B2581AB74005DBE29 /* AlarmNoticeViewController.swift in Sources */ = {isa = PBXBuildFile; fileRef = BA48B03A2581AB74005DBE29 /* AlarmNoticeViewController.swift */; };
		BAE199B2257A330700F42030 /* iOSLayoutViewController.swift in Sources */ = {isa = PBXBuildFile; fileRef = BAE199B1257A330700F42030 /* iOSLayoutViewController.swift */; };
		BAE199BC257DB88900F42030 /* OrangeTitleView.swift in Sources */ = {isa = PBXBuildFile; fileRef = BAE199BB257DB88900F42030 /* OrangeTitleView.swift */; };
		BAE199C2257DCD5000F42030 /* TestViewController.swift in Sources */ = {isa = PBXBuildFile; fileRef = BAE199C0257DCD5000F42030 /* TestViewController.swift */; };
		BAE199C3257DCD5000F42030 /* TestViewController.xib in Resources */ = {isa = PBXBuildFile; fileRef = BAE199C1257DCD5000F42030 /* TestViewController.xib */; };
		BAE199D6257DFDBB00F42030 /* AnimationViewController.swift in Sources */ = {isa = PBXBuildFile; fileRef = BAE199D5257DFDBB00F42030 /* AnimationViewController.swift */; };
		BAE199F22580610D00F42030 /* AlarmMyNewsCell.swift in Sources */ = {isa = PBXBuildFile; fileRef = BAE199F12580610D00F42030 /* AlarmMyNewsCell.swift */; };
		BAE199FD2580637300F42030 /* TitleView.swift in Sources */ = {isa = PBXBuildFile; fileRef = BAE199FC2580637300F42030 /* TitleView.swift */; };
		BAE19A012580A7D500F42030 /* AlarmViewController.swift in Sources */ = {isa = PBXBuildFile; fileRef = BAE19A002580A7D500F42030 /* AlarmViewController.swift */; };
		BAE19A052580D25B00F42030 /* AlarmViewModel.swift in Sources */ = {isa = PBXBuildFile; fileRef = BAE19A042580D25B00F42030 /* AlarmViewModel.swift */; };
		BAF8E90C2577299200172777 /* AppDelegate.swift in Sources */ = {isa = PBXBuildFile; fileRef = BAF8E90B2577299200172777 /* AppDelegate.swift */; };
		BAF8E9102577299200172777 /* MainViewController.swift in Sources */ = {isa = PBXBuildFile; fileRef = BAF8E90F2577299200172777 /* MainViewController.swift */; };
		BAF8E9152577299200172777 /* Assets.xcassets in Resources */ = {isa = PBXBuildFile; fileRef = BAF8E9142577299200172777 /* Assets.xcassets */; };
		BAF8E9182577299200172777 /* LaunchScreen.storyboard in Resources */ = {isa = PBXBuildFile; fileRef = BAF8E9162577299200172777 /* LaunchScreen.storyboard */; };
		BAF8E95A2577922600172777 /* LayoutFrameViewController.swift in Sources */ = {isa = PBXBuildFile; fileRef = BAF8E9592577922600172777 /* LayoutFrameViewController.swift */; };
/* End PBXBuildFile section */

/* Begin PBXFileReference section */
		1B96D421DEFBE9EF52A3C2C7 /* Pods-Bamiboo.release.xcconfig */ = {isa = PBXFileReference; includeInIndex = 1; lastKnownFileType = text.xcconfig; name = "Pods-Bamiboo.release.xcconfig"; path = "Target Support Files/Pods-Bamiboo/Pods-Bamiboo.release.xcconfig"; sourceTree = "<group>"; };
		38BF57D3258209D300862F8F /* CollectionViewController.swift */ = {isa = PBXFileReference; lastKnownFileType = sourcecode.swift; path = CollectionViewController.swift; sourceTree = "<group>"; };
		38D06B4B2582F63000DAA5AF /* AlarmNoticeViewModel.swift */ = {isa = PBXFileReference; lastKnownFileType = sourcecode.swift; path = AlarmNoticeViewModel.swift; sourceTree = "<group>"; };
		38D06B4F2582F8BC00DAA5AF /* AlarmNoticeCell.swift */ = {isa = PBXFileReference; lastKnownFileType = sourcecode.swift; path = AlarmNoticeCell.swift; sourceTree = "<group>"; };
		38D06B5825835DDB00DAA5AF /* AlarmWaitForFreeViewModel.swift */ = {isa = PBXFileReference; lastKnownFileType = sourcecode.swift; path = AlarmWaitForFreeViewModel.swift; sourceTree = "<group>"; };
		38D06B5D25835E1500DAA5AF /* AlarmWaitForFreeCell.swift */ = {isa = PBXFileReference; lastKnownFileType = sourcecode.swift; path = AlarmWaitForFreeCell.swift; sourceTree = "<group>"; };
		76C9744BF046A401A2FE0947 /* Pods_Bamiboo.framework */ = {isa = PBXFileReference; explicitFileType = wrapper.framework; includeInIndex = 0; path = Pods_Bamiboo.framework; sourceTree = BUILT_PRODUCTS_DIR; };
		84932818F425EEAC37A05575 /* Pods-Bamiboo.debug.xcconfig */ = {isa = PBXFileReference; includeInIndex = 1; lastKnownFileType = text.xcconfig; name = "Pods-Bamiboo.debug.xcconfig"; path = "Target Support Files/Pods-Bamiboo/Pods-Bamiboo.debug.xcconfig"; sourceTree = "<group>"; };
		BA02AB062578719F00740367 /* LayoutAutoresizingMaskViewController.swift */ = {isa = PBXFileReference; lastKnownFileType = sourcecode.swift; path = LayoutAutoresizingMaskViewController.swift; sourceTree = "<group>"; };
		BA02AB0A25788EE900740367 /* LayoutConstraintViewController.swift */ = {isa = PBXFileReference; lastKnownFileType = sourcecode.swift; path = LayoutConstraintViewController.swift; sourceTree = "<group>"; };
		BA02AB142578D39200740367 /* AutoLayoutStackViewViewController.swift */ = {isa = PBXFileReference; lastKnownFileType = sourcecode.swift; path = AutoLayoutStackViewViewController.swift; sourceTree = "<group>"; };
		BA48B0282581A59F005DBE29 /* AlarmMyNewsViewController.swift */ = {isa = PBXFileReference; lastKnownFileType = sourcecode.swift; path = AlarmMyNewsViewController.swift; sourceTree = "<group>"; };
		BA48B02B2581A5EE005DBE29 /* AlarmMyNewsViewModel.swift */ = {isa = PBXFileReference; lastKnownFileType = sourcecode.swift; path = AlarmMyNewsViewModel.swift; sourceTree = "<group>"; };
		BA48B0362581AB54005DBE29 /* AlarmWaitForFreeViewController.swift */ = {isa = PBXFileReference; lastKnownFileType = sourcecode.swift; path = AlarmWaitForFreeViewController.swift; sourceTree = "<group>"; };
		BA48B03A2581AB74005DBE29 /* AlarmNoticeViewController.swift */ = {isa = PBXFileReference; lastKnownFileType = sourcecode.swift; path = AlarmNoticeViewController.swift; sourceTree = "<group>"; };
		BAE199B1257A330700F42030 /* iOSLayoutViewController.swift */ = {isa = PBXFileReference; lastKnownFileType = sourcecode.swift; path = iOSLayoutViewController.swift; sourceTree = "<group>"; };
		BAE199BB257DB88900F42030 /* OrangeTitleView.swift */ = {isa = PBXFileReference; lastKnownFileType = sourcecode.swift; path = OrangeTitleView.swift; sourceTree = "<group>"; };
		BAE199C0257DCD5000F42030 /* TestViewController.swift */ = {isa = PBXFileReference; lastKnownFileType = sourcecode.swift; path = TestViewController.swift; sourceTree = "<group>"; };
		BAE199C1257DCD5000F42030 /* TestViewController.xib */ = {isa = PBXFileReference; lastKnownFileType = file.xib; path = TestViewController.xib; sourceTree = "<group>"; };
		BAE199D5257DFDBB00F42030 /* AnimationViewController.swift */ = {isa = PBXFileReference; lastKnownFileType = sourcecode.swift; path = AnimationViewController.swift; sourceTree = "<group>"; };
		BAE199F12580610D00F42030 /* AlarmMyNewsCell.swift */ = {isa = PBXFileReference; lastKnownFileType = sourcecode.swift; path = AlarmMyNewsCell.swift; sourceTree = "<group>"; };
		BAE199FC2580637300F42030 /* TitleView.swift */ = {isa = PBXFileReference; lastKnownFileType = sourcecode.swift; path = TitleView.swift; sourceTree = "<group>"; };
		BAE19A002580A7D500F42030 /* AlarmViewController.swift */ = {isa = PBXFileReference; lastKnownFileType = sourcecode.swift; path = AlarmViewController.swift; sourceTree = "<group>"; };
		BAE19A042580D25B00F42030 /* AlarmViewModel.swift */ = {isa = PBXFileReference; lastKnownFileType = sourcecode.swift; path = AlarmViewModel.swift; sourceTree = "<group>"; };
		BAF8E9082577299200172777 /* Bamiboo.app */ = {isa = PBXFileReference; explicitFileType = wrapper.application; includeInIndex = 0; path = Bamiboo.app; sourceTree = BUILT_PRODUCTS_DIR; };
		BAF8E90B2577299200172777 /* AppDelegate.swift */ = {isa = PBXFileReference; lastKnownFileType = sourcecode.swift; path = AppDelegate.swift; sourceTree = "<group>"; };
		BAF8E90F2577299200172777 /* MainViewController.swift */ = {isa = PBXFileReference; lastKnownFileType = sourcecode.swift; path = MainViewController.swift; sourceTree = "<group>"; };
		BAF8E9142577299200172777 /* Assets.xcassets */ = {isa = PBXFileReference; lastKnownFileType = folder.assetcatalog; path = Assets.xcassets; sourceTree = "<group>"; };
		BAF8E9172577299200172777 /* Base */ = {isa = PBXFileReference; lastKnownFileType = file.storyboard; name = Base; path = Base.lproj/LaunchScreen.storyboard; sourceTree = "<group>"; };
		BAF8E9192577299200172777 /* Info.plist */ = {isa = PBXFileReference; lastKnownFileType = text.plist.xml; path = Info.plist; sourceTree = "<group>"; };
		BAF8E9592577922600172777 /* LayoutFrameViewController.swift */ = {isa = PBXFileReference; lastKnownFileType = sourcecode.swift; path = LayoutFrameViewController.swift; sourceTree = "<group>"; };
/* End PBXFileReference section */

/* Begin PBXFrameworksBuildPhase section */
		BAF8E9052577299200172777 /* Frameworks */ = {
			isa = PBXFrameworksBuildPhase;
			buildActionMask = 2147483647;
			files = (
				28AD7C50CCF96AA2516B9A4F /* Pods_Bamiboo.framework in Frameworks */,
			);
			runOnlyForDeploymentPostprocessing = 0;
		};
/* End PBXFrameworksBuildPhase section */

/* Begin PBXGroup section */
		38BF57D2258209A400862F8F /* CollectionView */ = {
			isa = PBXGroup;
			children = (
				38BF57D3258209D300862F8F /* CollectionViewController.swift */,
			);
			path = CollectionView;
			sourceTree = "<group>";
		};
		38D06B4E2582F8A400DAA5AF /* Views */ = {
			isa = PBXGroup;
			children = (
				38D06B4F2582F8BC00DAA5AF /* AlarmNoticeCell.swift */,
			);
			path = Views;
			sourceTree = "<group>";
		};
		38D06B5C25835E0700DAA5AF /* Views */ = {
			isa = PBXGroup;
			children = (
				38D06B5D25835E1500DAA5AF /* AlarmWaitForFreeCell.swift */,
			);
			path = Views;
			sourceTree = "<group>";
		};
		696B2D1452EBD9C335D751B9 /* Frameworks */ = {
			isa = PBXGroup;
			children = (
				76C9744BF046A401A2FE0947 /* Pods_Bamiboo.framework */,
			);
			name = Frameworks;
			sourceTree = "<group>";
		};
		BA48B0272581A58B005DBE29 /* AlarmMyNews */ = {
			isa = PBXGroup;
			children = (
				BA48B0312581A6A2005DBE29 /* Views */,
				BA48B02B2581A5EE005DBE29 /* AlarmMyNewsViewModel.swift */,
				BA48B0282581A59F005DBE29 /* AlarmMyNewsViewController.swift */,
			);
			path = AlarmMyNews;
			sourceTree = "<group>";
		};
		BA48B0312581A6A2005DBE29 /* Views */ = {
			isa = PBXGroup;
			children = (
				BAE199F12580610D00F42030 /* AlarmMyNewsCell.swift */,
			);
			path = Views;
			sourceTree = "<group>";
		};
		BA48B0342581AB1D005DBE29 /* AlarmWaitForFree */ = {
			isa = PBXGroup;
			children = (
				38D06B5C25835E0700DAA5AF /* Views */,
				38D06B5825835DDB00DAA5AF /* AlarmWaitForFreeViewModel.swift */,
				BA48B0362581AB54005DBE29 /* AlarmWaitForFreeViewController.swift */,
			);
			path = AlarmWaitForFree;
			sourceTree = "<group>";
		};
		BA48B0352581AB3A005DBE29 /* AlarmNotice */ = {
			isa = PBXGroup;
			children = (
				38D06B4E2582F8A400DAA5AF /* Views */,
				38D06B4B2582F63000DAA5AF /* AlarmNoticeViewModel.swift */,
				BA48B03A2581AB74005DBE29 /* AlarmNoticeViewController.swift */,
			);
			path = AlarmNotice;
			sourceTree = "<group>";
		};
		BAE199BA257DB85C00F42030 /* CustomView */ = {
			isa = PBXGroup;
			children = (
				BAE199C8257DCF0F00F42030 /* XibView */,
				BAE199BB257DB88900F42030 /* OrangeTitleView.swift */,
				BAE199C0257DCD5000F42030 /* TestViewController.swift */,
				BAE199C1257DCD5000F42030 /* TestViewController.xib */,
			);
			path = CustomView;
			sourceTree = "<group>";
		};
		BAE199C8257DCF0F00F42030 /* XibView */ = {
			isa = PBXGroup;
			children = (
			);
			path = XibView;
			sourceTree = "<group>";
		};
		BAE199D4257DFDAB00F42030 /* Animation */ = {
			isa = PBXGroup;
			children = (
				BAE199D5257DFDBB00F42030 /* AnimationViewController.swift */,
			);
			path = Animation;
			sourceTree = "<group>";
		};
		BAE199DA257F595200F42030 /* AlarmTest */ = {
			isa = PBXGroup;
			children = (
				BAE19A042580D25B00F42030 /* AlarmViewModel.swift */,
				BAE19A002580A7D500F42030 /* AlarmViewController.swift */,
				BA48B0272581A58B005DBE29 /* AlarmMyNews */,
				BA48B0342581AB1D005DBE29 /* AlarmWaitForFree */,
				BA48B0352581AB3A005DBE29 /* AlarmNotice */,
			);
			path = AlarmTest;
			sourceTree = "<group>";
		};
		BAE199F0258060FF00F42030 /* Views */ = {
			isa = PBXGroup;
			children = (
				BAE199FC2580637300F42030 /* TitleView.swift */,
			);
			path = Views;
			sourceTree = "<group>";
		};
		BAF8E8FF2577299200172777 = {
			isa = PBXGroup;
			children = (
				BAF8E90A2577299200172777 /* Bamiboo */,
				BAF8E9092577299200172777 /* Products */,
				F1D733D944C622895D2776B1 /* Pods */,
				696B2D1452EBD9C335D751B9 /* Frameworks */,
			);
			sourceTree = "<group>";
		};
		BAF8E9092577299200172777 /* Products */ = {
			isa = PBXGroup;
			children = (
				BAF8E9082577299200172777 /* Bamiboo.app */,
			);
			name = Products;
			sourceTree = "<group>";
		};
		BAF8E90A2577299200172777 /* Bamiboo */ = {
			isa = PBXGroup;
			children = (
				BAF8E90F2577299200172777 /* MainViewController.swift */,
				BAE199F0258060FF00F42030 /* Views */,
				BAE199DA257F595200F42030 /* AlarmTest */,
				38BF57D2258209A400862F8F /* CollectionView */,
				BAE199D4257DFDAB00F42030 /* Animation */,
				BAE199BA257DB85C00F42030 /* CustomView */,
				BAF8E958257791F000172777 /* AutoLayout */,
				BAF8E94B25772BC800172777 /* Supporting Files */,
				BAF8E94C25772BE000172777 /* Resources */,
			);
			path = Bamiboo;
			sourceTree = "<group>";
		};
		BAF8E94B25772BC800172777 /* Supporting Files */ = {
			isa = PBXGroup;
			children = (
				BAF8E90B2577299200172777 /* AppDelegate.swift */,
				BAF8E9162577299200172777 /* LaunchScreen.storyboard */,
				BAF8E9192577299200172777 /* Info.plist */,
			);
			path = "Supporting Files";
			sourceTree = "<group>";
		};
		BAF8E94C25772BE000172777 /* Resources */ = {
			isa = PBXGroup;
			children = (
				BAF8E9142577299200172777 /* Assets.xcassets */,
			);
			path = Resources;
			sourceTree = "<group>";
		};
		BAF8E958257791F000172777 /* AutoLayout */ = {
			isa = PBXGroup;
			children = (
				BAF8E9592577922600172777 /* LayoutFrameViewController.swift */,
				BA02AB0A25788EE900740367 /* LayoutConstraintViewController.swift */,
				BA02AB062578719F00740367 /* LayoutAutoresizingMaskViewController.swift */,
				BA02AB142578D39200740367 /* AutoLayoutStackViewViewController.swift */,
				BAE199B1257A330700F42030 /* iOSLayoutViewController.swift */,
			);
			path = AutoLayout;
			sourceTree = "<group>";
		};
		F1D733D944C622895D2776B1 /* Pods */ = {
			isa = PBXGroup;
			children = (
				84932818F425EEAC37A05575 /* Pods-Bamiboo.debug.xcconfig */,
				1B96D421DEFBE9EF52A3C2C7 /* Pods-Bamiboo.release.xcconfig */,
			);
			path = Pods;
			sourceTree = "<group>";
		};
/* End PBXGroup section */

/* Begin PBXNativeTarget section */
		BAF8E9072577299200172777 /* Bamiboo */ = {
			isa = PBXNativeTarget;
			buildConfigurationList = BAF8E9322577299300172777 /* Build configuration list for PBXNativeTarget "Bamiboo" */;
			buildPhases = (
				16BF76E66B4BD9A2CD7B1BD0 /* [CP] Check Pods Manifest.lock */,
				BAF8E9042577299200172777 /* Sources */,
				BAF8E9052577299200172777 /* Frameworks */,
				BAF8E9062577299200172777 /* Resources */,
			);
			buildRules = (
			);
			dependencies = (
			);
			name = Bamiboo;
			productName = Bamiboo;
			productReference = BAF8E9082577299200172777 /* Bamiboo.app */;
			productType = "com.apple.product-type.application";
		};
/* End PBXNativeTarget section */

/* Begin PBXProject section */
		BAF8E9002577299200172777 /* Project object */ = {
			isa = PBXProject;
			attributes = {
				LastSwiftUpdateCheck = 1220;
				LastUpgradeCheck = 1220;
				TargetAttributes = {
					BAF8E9072577299200172777 = {
						CreatedOnToolsVersion = 12.2;
					};
				};
			};
			buildConfigurationList = BAF8E9032577299200172777 /* Build configuration list for PBXProject "Bamiboo" */;
			compatibilityVersion = "Xcode 9.3";
			developmentRegion = en;
			hasScannedForEncodings = 0;
			knownRegions = (
				en,
				Base,
			);
			mainGroup = BAF8E8FF2577299200172777;
			productRefGroup = BAF8E9092577299200172777 /* Products */;
			projectDirPath = "";
			projectRoot = "";
			targets = (
				BAF8E9072577299200172777 /* Bamiboo */,
			);
		};
/* End PBXProject section */

/* Begin PBXResourcesBuildPhase section */
		BAF8E9062577299200172777 /* Resources */ = {
			isa = PBXResourcesBuildPhase;
			buildActionMask = 2147483647;
			files = (
				BAF8E9182577299200172777 /* LaunchScreen.storyboard in Resources */,
				BAE199C3257DCD5000F42030 /* TestViewController.xib in Resources */,
				BAF8E9152577299200172777 /* Assets.xcassets in Resources */,
			);
			runOnlyForDeploymentPostprocessing = 0;
		};
/* End PBXResourcesBuildPhase section */

/* Begin PBXShellScriptBuildPhase section */
		16BF76E66B4BD9A2CD7B1BD0 /* [CP] Check Pods Manifest.lock */ = {
			isa = PBXShellScriptBuildPhase;
			buildActionMask = 2147483647;
			files = (
			);
			inputFileListPaths = (
			);
			inputPaths = (
				"${PODS_PODFILE_DIR_PATH}/Podfile.lock",
				"${PODS_ROOT}/Manifest.lock",
			);
			name = "[CP] Check Pods Manifest.lock";
			outputFileListPaths = (
			);
			outputPaths = (
				"$(DERIVED_FILE_DIR)/Pods-Bamiboo-checkManifestLockResult.txt",
			);
			runOnlyForDeploymentPostprocessing = 0;
			shellPath = /bin/sh;
			shellScript = "diff \"${PODS_PODFILE_DIR_PATH}/Podfile.lock\" \"${PODS_ROOT}/Manifest.lock\" > /dev/null\nif [ $? != 0 ] ; then\n    # print error to STDERR\n    echo \"error: The sandbox is not in sync with the Podfile.lock. Run 'pod install' or update your CocoaPods installation.\" >&2\n    exit 1\nfi\n# This output is used by Xcode 'outputs' to avoid re-running this script phase.\necho \"SUCCESS\" > \"${SCRIPT_OUTPUT_FILE_0}\"\n";
			showEnvVarsInLog = 0;
		};
/* End PBXShellScriptBuildPhase section */

/* Begin PBXSourcesBuildPhase section */
		BAF8E9042577299200172777 /* Sources */ = {
			isa = PBXSourcesBuildPhase;
			buildActionMask = 2147483647;
			files = (
				BAF8E95A2577922600172777 /* LayoutFrameViewController.swift in Sources */,
				BAE199BC257DB88900F42030 /* OrangeTitleView.swift in Sources */,
				BA02AB152578D39200740367 /* AutoLayoutStackViewViewController.swift in Sources */,
				38D06B5925835DDB00DAA5AF /* AlarmWaitForFreeViewModel.swift in Sources */,
				BAF8E9102577299200172777 /* MainViewController.swift in Sources */,
				38D06B5E25835E1500DAA5AF /* AlarmWaitForFreeCell.swift in Sources */,
				BA48B0372581AB54005DBE29 /* AlarmWaitForFreeViewController.swift in Sources */,
				38D06B502582F8BC00DAA5AF /* AlarmNoticeCell.swift in Sources */,
				BAE199F22580610D00F42030 /* AlarmMyNewsCell.swift in Sources */,
				BA48B0292581A59F005DBE29 /* AlarmMyNewsViewController.swift in Sources */,
				BAE199FD2580637300F42030 /* TitleView.swift in Sources */,
				BAE19A052580D25B00F42030 /* AlarmViewModel.swift in Sources */,
				BA02AB072578719F00740367 /* LayoutAutoresizingMaskViewController.swift in Sources */,
				BA02AB0B25788EE900740367 /* LayoutConstraintViewController.swift in Sources */,
				BAE199B2257A330700F42030 /* iOSLayoutViewController.swift in Sources */,
				BAE199D6257DFDBB00F42030 /* AnimationViewController.swift in Sources */,
				BA48B03B2581AB74005DBE29 /* AlarmNoticeViewController.swift in Sources */,
				BAE19A012580A7D500F42030 /* AlarmViewController.swift in Sources */,
				BA48B02C2581A5EE005DBE29 /* AlarmMyNewsViewModel.swift in Sources */,
				38BF57D4258209D300862F8F /* CollectionViewController.swift in Sources */,
				38D06B4C2582F63000DAA5AF /* AlarmNoticeViewModel.swift in Sources */,
				BAE199C2257DCD5000F42030 /* TestViewController.swift in Sources */,
				BAF8E90C2577299200172777 /* AppDelegate.swift in Sources */,
			);
			runOnlyForDeploymentPostprocessing = 0;
		};
/* End PBXSourcesBuildPhase section */

/* Begin PBXVariantGroup section */
		BAF8E9162577299200172777 /* LaunchScreen.storyboard */ = {
			isa = PBXVariantGroup;
			children = (
				BAF8E9172577299200172777 /* Base */,
			);
			name = LaunchScreen.storyboard;
			sourceTree = "<group>";
		};
/* End PBXVariantGroup section */

/* Begin XCBuildConfiguration section */
		BAF8E9302577299300172777 /* Debug */ = {
			isa = XCBuildConfiguration;
			buildSettings = {
				ALWAYS_SEARCH_USER_PATHS = NO;
				CLANG_ANALYZER_NONNULL = YES;
				CLANG_ANALYZER_NUMBER_OBJECT_CONVERSION = YES_AGGRESSIVE;
				CLANG_CXX_LANGUAGE_STANDARD = "gnu++14";
				CLANG_CXX_LIBRARY = "libc++";
				CLANG_ENABLE_MODULES = YES;
				CLANG_ENABLE_OBJC_ARC = YES;
				CLANG_ENABLE_OBJC_WEAK = YES;
				CLANG_WARN_BLOCK_CAPTURE_AUTORELEASING = YES;
				CLANG_WARN_BOOL_CONVERSION = YES;
				CLANG_WARN_COMMA = YES;
				CLANG_WARN_CONSTANT_CONVERSION = YES;
				CLANG_WARN_DEPRECATED_OBJC_IMPLEMENTATIONS = YES;
				CLANG_WARN_DIRECT_OBJC_ISA_USAGE = YES_ERROR;
				CLANG_WARN_DOCUMENTATION_COMMENTS = YES;
				CLANG_WARN_EMPTY_BODY = YES;
				CLANG_WARN_ENUM_CONVERSION = YES;
				CLANG_WARN_INFINITE_RECURSION = YES;
				CLANG_WARN_INT_CONVERSION = YES;
				CLANG_WARN_NON_LITERAL_NULL_CONVERSION = YES;
				CLANG_WARN_OBJC_IMPLICIT_RETAIN_SELF = YES;
				CLANG_WARN_OBJC_LITERAL_CONVERSION = YES;
				CLANG_WARN_OBJC_ROOT_CLASS = YES_ERROR;
				CLANG_WARN_QUOTED_INCLUDE_IN_FRAMEWORK_HEADER = YES;
				CLANG_WARN_RANGE_LOOP_ANALYSIS = YES;
				CLANG_WARN_STRICT_PROTOTYPES = YES;
				CLANG_WARN_SUSPICIOUS_MOVE = YES;
				CLANG_WARN_UNGUARDED_AVAILABILITY = YES_AGGRESSIVE;
				CLANG_WARN_UNREACHABLE_CODE = YES;
				CLANG_WARN__DUPLICATE_METHOD_MATCH = YES;
				COPY_PHASE_STRIP = NO;
				DEBUG_INFORMATION_FORMAT = dwarf;
				ENABLE_STRICT_OBJC_MSGSEND = YES;
				ENABLE_TESTABILITY = YES;
				GCC_C_LANGUAGE_STANDARD = gnu11;
				GCC_DYNAMIC_NO_PIC = NO;
				GCC_NO_COMMON_BLOCKS = YES;
				GCC_OPTIMIZATION_LEVEL = 0;
				GCC_PREPROCESSOR_DEFINITIONS = (
					"DEBUG=1",
					"$(inherited)",
				);
				GCC_WARN_64_TO_32_BIT_CONVERSION = YES;
				GCC_WARN_ABOUT_RETURN_TYPE = YES_ERROR;
				GCC_WARN_UNDECLARED_SELECTOR = YES;
				GCC_WARN_UNINITIALIZED_AUTOS = YES_AGGRESSIVE;
				GCC_WARN_UNUSED_FUNCTION = YES;
				GCC_WARN_UNUSED_VARIABLE = YES;
				IPHONEOS_DEPLOYMENT_TARGET = 13.0;
				MTL_ENABLE_DEBUG_INFO = INCLUDE_SOURCE;
				MTL_FAST_MATH = YES;
				ONLY_ACTIVE_ARCH = YES;
				SDKROOT = iphoneos;
				SWIFT_ACTIVE_COMPILATION_CONDITIONS = DEBUG;
				SWIFT_OPTIMIZATION_LEVEL = "-Onone";
			};
			name = Debug;
		};
		BAF8E9312577299300172777 /* Release */ = {
			isa = XCBuildConfiguration;
			buildSettings = {
				ALWAYS_SEARCH_USER_PATHS = NO;
				CLANG_ANALYZER_NONNULL = YES;
				CLANG_ANALYZER_NUMBER_OBJECT_CONVERSION = YES_AGGRESSIVE;
				CLANG_CXX_LANGUAGE_STANDARD = "gnu++14";
				CLANG_CXX_LIBRARY = "libc++";
				CLANG_ENABLE_MODULES = YES;
				CLANG_ENABLE_OBJC_ARC = YES;
				CLANG_ENABLE_OBJC_WEAK = YES;
				CLANG_WARN_BLOCK_CAPTURE_AUTORELEASING = YES;
				CLANG_WARN_BOOL_CONVERSION = YES;
				CLANG_WARN_COMMA = YES;
				CLANG_WARN_CONSTANT_CONVERSION = YES;
				CLANG_WARN_DEPRECATED_OBJC_IMPLEMENTATIONS = YES;
				CLANG_WARN_DIRECT_OBJC_ISA_USAGE = YES_ERROR;
				CLANG_WARN_DOCUMENTATION_COMMENTS = YES;
				CLANG_WARN_EMPTY_BODY = YES;
				CLANG_WARN_ENUM_CONVERSION = YES;
				CLANG_WARN_INFINITE_RECURSION = YES;
				CLANG_WARN_INT_CONVERSION = YES;
				CLANG_WARN_NON_LITERAL_NULL_CONVERSION = YES;
				CLANG_WARN_OBJC_IMPLICIT_RETAIN_SELF = YES;
				CLANG_WARN_OBJC_LITERAL_CONVERSION = YES;
				CLANG_WARN_OBJC_ROOT_CLASS = YES_ERROR;
				CLANG_WARN_QUOTED_INCLUDE_IN_FRAMEWORK_HEADER = YES;
				CLANG_WARN_RANGE_LOOP_ANALYSIS = YES;
				CLANG_WARN_STRICT_PROTOTYPES = YES;
				CLANG_WARN_SUSPICIOUS_MOVE = YES;
				CLANG_WARN_UNGUARDED_AVAILABILITY = YES_AGGRESSIVE;
				CLANG_WARN_UNREACHABLE_CODE = YES;
				CLANG_WARN__DUPLICATE_METHOD_MATCH = YES;
				COPY_PHASE_STRIP = NO;
				DEBUG_INFORMATION_FORMAT = "dwarf-with-dsym";
				ENABLE_NS_ASSERTIONS = NO;
				ENABLE_STRICT_OBJC_MSGSEND = YES;
				GCC_C_LANGUAGE_STANDARD = gnu11;
				GCC_NO_COMMON_BLOCKS = YES;
				GCC_WARN_64_TO_32_BIT_CONVERSION = YES;
				GCC_WARN_ABOUT_RETURN_TYPE = YES_ERROR;
				GCC_WARN_UNDECLARED_SELECTOR = YES;
				GCC_WARN_UNINITIALIZED_AUTOS = YES_AGGRESSIVE;
				GCC_WARN_UNUSED_FUNCTION = YES;
				GCC_WARN_UNUSED_VARIABLE = YES;
				IPHONEOS_DEPLOYMENT_TARGET = 13.0;
				MTL_ENABLE_DEBUG_INFO = NO;
				MTL_FAST_MATH = YES;
				SDKROOT = iphoneos;
				SWIFT_COMPILATION_MODE = wholemodule;
				SWIFT_OPTIMIZATION_LEVEL = "-O";
				VALIDATE_PRODUCT = YES;
			};
			name = Release;
		};
		BAF8E9332577299300172777 /* Debug */ = {
			isa = XCBuildConfiguration;
			baseConfigurationReference = 84932818F425EEAC37A05575 /* Pods-Bamiboo.debug.xcconfig */;
			buildSettings = {
				ASSETCATALOG_COMPILER_APPICON_NAME = AppIcon;
				ASSETCATALOG_COMPILER_GLOBAL_ACCENT_COLOR_NAME = AccentColor;
				CODE_SIGN_STYLE = Automatic;
				DEVELOPMENT_TEAM = Z234RLVBT8;
				INFOPLIST_FILE = "Bamiboo/Supporting Files/Info.plist";
				LD_RUNPATH_SEARCH_PATHS = (
					"$(inherited)",
					"@executable_path/Frameworks",
				);
				PRODUCT_BUNDLE_IDENTIFIER = com.bamiboo.Bamiboo;
				PRODUCT_NAME = "$(TARGET_NAME)";
				SWIFT_VERSION = 5.0;
				TARGETED_DEVICE_FAMILY = "1,2";
			};
			name = Debug;
		};
		BAF8E9342577299300172777 /* Release */ = {
			isa = XCBuildConfiguration;
			baseConfigurationReference = 1B96D421DEFBE9EF52A3C2C7 /* Pods-Bamiboo.release.xcconfig */;
			buildSettings = {
				ASSETCATALOG_COMPILER_APPICON_NAME = AppIcon;
				ASSETCATALOG_COMPILER_GLOBAL_ACCENT_COLOR_NAME = AccentColor;
				CODE_SIGN_STYLE = Automatic;
				DEVELOPMENT_TEAM = Z234RLVBT8;
				INFOPLIST_FILE = "Bamiboo/Supporting Files/Info.plist";
				LD_RUNPATH_SEARCH_PATHS = (
					"$(inherited)",
					"@executable_path/Frameworks",
				);
				PRODUCT_BUNDLE_IDENTIFIER = com.bamiboo.Bamiboo;
				PRODUCT_NAME = "$(TARGET_NAME)";
				SWIFT_VERSION = 5.0;
				TARGETED_DEVICE_FAMILY = "1,2";
			};
			name = Release;
		};
/* End XCBuildConfiguration section */

/* Begin XCConfigurationList section */
		BAF8E9032577299200172777 /* Build configuration list for PBXProject "Bamiboo" */ = {
			isa = XCConfigurationList;
			buildConfigurations = (
				BAF8E9302577299300172777 /* Debug */,
				BAF8E9312577299300172777 /* Release */,
			);
			defaultConfigurationIsVisible = 0;
			defaultConfigurationName = Release;
		};
		BAF8E9322577299300172777 /* Build configuration list for PBXNativeTarget "Bamiboo" */ = {
			isa = XCConfigurationList;
			buildConfigurations = (
				BAF8E9332577299300172777 /* Debug */,
				BAF8E9342577299300172777 /* Release */,
			);
			defaultConfigurationIsVisible = 0;
			defaultConfigurationName = Release;
		};
/* End XCConfigurationList section */
	};
	rootObject = BAF8E9002577299200172777 /* Project object */;
}
